
Microsoft Visual Studio Solution File, Format Version 9.00
# Visual Studio 2005
Project("{FAE04EC0-301F-11D3-BF4B-00C04F79EFBC}") = "SmartApp", "SmartApp\SmartApp.csproj", "{5A8BD31D-5E4E-4891-9351-DD3119CB6BC9}"
EndProject
Project("{54435603-DBB4-11D2-8724-00A0C9A8B90C}") = "SetupSmartApp", "SetupSmartApp\SetupSmartApp.vdproj", "{9BF24393-6579-44DE-8219-98F2958BD47B}"
EndProject
Project("{FAE04EC0-301F-11D3-BF4B-00C04F79EFBC}") = "CommonLib", "CommonLib\CommonLib.csproj", "{3EFBC5AC-5842-4DE5-85C2-507E24AEC46F}"
EndProject
Project("{FAE04EC0-301F-11D3-BF4B-00C04F79EFBC}") = "CtrlSerpentin", "CtrlSerpentin\CtrlSerpentin.csproj", "{94373D87-E83C-4FDF-A029-792A4A48C680}"
EndProject
Project("{FAE04EC0-301F-11D3-BF4B-00C04F79EFBC}") = "CtrlTwoBitmap", "CtrlTwoBitmap\CtrlTwoBitmap.csproj", "{4955E361-A3B1-4507-BB31-A987814A0A3B}"
EndProject
Project("{FAE04EC0-301F-11D3-BF4B-00C04F79EFBC}") = "FourBitmap", "FourBitmap\FourBitmap.csproj", "{6494B802-211E-4D72-9657-22A2EE0850E8}"
EndProject
Global
	GlobalSection(SolutionConfigurationPlatforms) = preSolution
		Debug Cmd|Any CPU = Debug Cmd|Any CPU
		Debug Cmd|Mixed Platforms = Debug Cmd|Mixed Platforms
		Debug Cmd|Win32 = Debug Cmd|Win32
		Debug|Any CPU = Debug|Any CPU
		Debug|Mixed Platforms = Debug|Mixed Platforms
		Debug|Win32 = Debug|Win32
		Release|Any CPU = Release|Any CPU
		Release|Mixed Platforms = Release|Mixed Platforms
		Release|Win32 = Release|Win32
	EndGlobalSection
	GlobalSection(ProjectConfigurationPlatforms) = postSolution
		{5A8BD31D-5E4E-4891-9351-DD3119CB6BC9}.Debug Cmd|Any CPU.ActiveCfg = Debug Cmd|Any CPU
		{5A8BD31D-5E4E-4891-9351-DD3119CB6BC9}.Debug Cmd|Any CPU.Build.0 = Debug Cmd|Any CPU
		{5A8BD31D-5E4E-4891-9351-DD3119CB6BC9}.Debug Cmd|Mixed Platforms.ActiveCfg = Debug Cmd|Any CPU
		{5A8BD31D-5E4E-4891-9351-DD3119CB6BC9}.Debug Cmd|Mixed Platforms.Build.0 = Debug Cmd|Any CPU
		{5A8BD31D-5E4E-4891-9351-DD3119CB6BC9}.Debug Cmd|Win32.ActiveCfg = Debug Cmd|Any CPU
		{5A8BD31D-5E4E-4891-9351-DD3119CB6BC9}.Debug|Any CPU.ActiveCfg = Debug|Any CPU
		{5A8BD31D-5E4E-4891-9351-DD3119CB6BC9}.Debug|Any CPU.Build.0 = Debug|Any CPU
		{5A8BD31D-5E4E-4891-9351-DD3119CB6BC9}.Debug|Mixed Platforms.ActiveCfg = Debug|Any CPU
		{5A8BD31D-5E4E-4891-9351-DD3119CB6BC9}.Debug|Mixed Platforms.Build.0 = Debug|Any CPU
		{5A8BD31D-5E4E-4891-9351-DD3119CB6BC9}.Debug|Win32.ActiveCfg = Debug|Any CPU
		{5A8BD31D-5E4E-4891-9351-DD3119CB6BC9}.Release|Any CPU.ActiveCfg = Release|Any CPU
		{5A8BD31D-5E4E-4891-9351-DD3119CB6BC9}.Release|Any CPU.Build.0 = Release|Any CPU
		{5A8BD31D-5E4E-4891-9351-DD3119CB6BC9}.Release|Mixed Platforms.ActiveCfg = Release|Any CPU
		{5A8BD31D-5E4E-4891-9351-DD3119CB6BC9}.Release|Mixed Platforms.Build.0 = Release|Any CPU
		{5A8BD31D-5E4E-4891-9351-DD3119CB6BC9}.Release|Win32.ActiveCfg = Release|Any CPU
		{9BF24393-6579-44DE-8219-98F2958BD47B}.Debug Cmd|Any CPU.ActiveCfg = Debug
		{9BF24393-6579-44DE-8219-98F2958BD47B}.Debug Cmd|Mixed Platforms.ActiveCfg = Debug
		{9BF24393-6579-44DE-8219-98F2958BD47B}.Debug Cmd|Win32.ActiveCfg = Debug
		{9BF24393-6579-44DE-8219-98F2958BD47B}.Debug Cmd|Win32.Build.0 = Debug
		{9BF24393-6579-44DE-8219-98F2958BD47B}.Debug|Any CPU.ActiveCfg = Debug
		{9BF24393-6579-44DE-8219-98F2958BD47B}.Debug|Mixed Platforms.ActiveCfg = Debug
		{9BF24393-6579-44DE-8219-98F2958BD47B}.Debug|Win32.ActiveCfg = Debug
		{9BF24393-6579-44DE-8219-98F2958BD47B}.Release|Any CPU.ActiveCfg = Release
		{9BF24393-6579-44DE-8219-98F2958BD47B}.Release|Mixed Platforms.ActiveCfg = Release
		{9BF24393-6579-44DE-8219-98F2958BD47B}.Release|Win32.ActiveCfg = Release
		{3EFBC5AC-5842-4DE5-85C2-507E24AEC46F}.Debug Cmd|Any CPU.ActiveCfg = Debug|Any CPU
		{3EFBC5AC-5842-4DE5-85C2-507E24AEC46F}.Debug Cmd|Any CPU.Build.0 = Debug|Any CPU
		{3EFBC5AC-5842-4DE5-85C2-507E24AEC46F}.Debug Cmd|Mixed Platforms.ActiveCfg = Debug|Any CPU
		{3EFBC5AC-5842-4DE5-85C2-507E24AEC46F}.Debug Cmd|Mixed Platforms.Build.0 = Debug|Any CPU
		{3EFBC5AC-5842-4DE5-85C2-507E24AEC46F}.Debug Cmd|Win32.ActiveCfg = Debug|Any CPU
		{3EFBC5AC-5842-4DE5-85C2-507E24AEC46F}.Debug|Any CPU.ActiveCfg = Debug|Any CPU
		{3EFBC5AC-5842-4DE5-85C2-507E24AEC46F}.Debug|Any CPU.Build.0 = Debug|Any CPU
		{3EFBC5AC-5842-4DE5-85C2-507E24AEC46F}.Debug|Mixed Platforms.ActiveCfg = Debug|Any CPU
		{3EFBC5AC-5842-4DE5-85C2-507E24AEC46F}.Debug|Mixed Platforms.Build.0 = Debug|Any CPU
		{3EFBC5AC-5842-4DE5-85C2-507E24AEC46F}.Debug|Win32.ActiveCfg = Debug|Any CPU
		{3EFBC5AC-5842-4DE5-85C2-507E24AEC46F}.Release|Any CPU.ActiveCfg = Release|Any CPU
		{3EFBC5AC-5842-4DE5-85C2-507E24AEC46F}.Release|Any CPU.Build.0 = Release|Any CPU
		{3EFBC5AC-5842-4DE5-85C2-507E24AEC46F}.Release|Mixed Platforms.ActiveCfg = Release|Any CPU
		{3EFBC5AC-5842-4DE5-85C2-507E24AEC46F}.Release|Mixed Platforms.Build.0 = Release|Any CPU
		{3EFBC5AC-5842-4DE5-85C2-507E24AEC46F}.Release|Win32.ActiveCfg = Release|Any CPU
		{94373D87-E83C-4FDF-A029-792A4A48C680}.Debug Cmd|Any CPU.ActiveCfg = Debug|Any CPU
		{94373D87-E83C-4FDF-A029-792A4A48C680}.Debug Cmd|Any CPU.Build.0 = Debug|Any CPU
		{94373D87-E83C-4FDF-A029-792A4A48C680}.Debug Cmd|Mixed Platforms.ActiveCfg = Debug|Any CPU
		{94373D87-E83C-4FDF-A029-792A4A48C680}.Debug Cmd|Mixed Platforms.Build.0 = Debug|Any CPU
		{94373D87-E83C-4FDF-A029-792A4A48C680}.Debug Cmd|Win32.ActiveCfg = Debug|Any CPU
		{94373D87-E83C-4FDF-A029-792A4A48C680}.Debug|Any CPU.ActiveCfg = Debug|Any CPU
		{94373D87-E83C-4FDF-A029-792A4A48C680}.Debug|Any CPU.Build.0 = Debug|Any CPU
		{94373D87-E83C-4FDF-A029-792A4A48C680}.Debug|Mixed Platforms.ActiveCfg = Debug|Any CPU
		{94373D87-E83C-4FDF-A029-792A4A48C680}.Debug|Mixed Platforms.Build.0 = Debug|Any CPU
		{94373D87-E83C-4FDF-A029-792A4A48C680}.Debug|Win32.ActiveCfg = Debug|Any CPU
		{94373D87-E83C-4FDF-A029-792A4A48C680}.Release|Any CPU.ActiveCfg = Release|Any CPU
		{94373D87-E83C-4FDF-A029-792A4A48C680}.Release|Any CPU.Build.0 = Release|Any CPU
		{94373D87-E83C-4FDF-A029-792A4A48C680}.Release|Mixed Platforms.ActiveCfg = Release|Any CPU
		{94373D87-E83C-4FDF-A029-792A4A48C680}.Release|Mixed Platforms.Build.0 = Release|Any CPU
		{94373D87-E83C-4FDF-A029-792A4A48C680}.Release|Win32.ActiveCfg = Release|Any CPU
		{4955E361-A3B1-4507-BB31-A987814A0A3B}.Debug Cmd|Any CPU.ActiveCfg = Debug|Any CPU
		{4955E361-A3B1-4507-BB31-A987814A0A3B}.Debug Cmd|Any CPU.Build.0 = Debug|Any CPU
		{4955E361-A3B1-4507-BB31-A987814A0A3B}.Debug Cmd|Mixed Platforms.ActiveCfg = Debug|Any CPU
		{4955E361-A3B1-4507-BB31-A987814A0A3B}.Debug Cmd|Mixed Platforms.Build.0 = Debug|Any CPU
		{4955E361-A3B1-4507-BB31-A987814A0A3B}.Debug Cmd|Win32.ActiveCfg = Debug|Any CPU
		{4955E361-A3B1-4507-BB31-A987814A0A3B}.Debug|Any CPU.ActiveCfg = Debug|Any CPU
		{4955E361-A3B1-4507-BB31-A987814A0A3B}.Debug|Any CPU.Build.0 = Debug|Any CPU
		{4955E361-A3B1-4507-BB31-A987814A0A3B}.Debug|Mixed Platforms.ActiveCfg = Debug|Any CPU
		{4955E361-A3B1-4507-BB31-A987814A0A3B}.Debug|Mixed Platforms.Build.0 = Debug|Any CPU
		{4955E361-A3B1-4507-BB31-A987814A0A3B}.Debug|Win32.ActiveCfg = Debug|Any CPU
		{4955E361-A3B1-4507-BB31-A987814A0A3B}.Release|Any CPU.ActiveCfg = Release|Any CPU
		{4955E361-A3B1-4507-BB31-A987814A0A3B}.Release|Any CPU.Build.0 = Release|Any CPU
		{4955E361-A3B1-4507-BB31-A987814A0A3B}.Release|Mixed Platforms.ActiveCfg = Release|Any CPU
		{4955E361-A3B1-4507-BB31-A987814A0A3B}.Release|Mixed Platforms.Build.0 = Release|Any CPU
		{4955E361-A3B1-4507-BB31-A987814A0A3B}.Release|Win32.ActiveCfg = Release|Any CPU
		{6494B802-211E-4D72-9657-22A2EE0850E8}.Debug Cmd|Any CPU.ActiveCfg = Debug|Any CPU
		{6494B802-211E-4D72-9657-22A2EE0850E8}.Debug Cmd|Any CPU.Build.0 = Debug|Any CPU
		{6494B802-211E-4D72-9657-22A2EE0850E8}.Debug Cmd|Mixed Platforms.ActiveCfg = Debug|Any CPU
		{6494B802-211E-4D72-9657-22A2EE0850E8}.Debug Cmd|Mixed Platforms.Build.0 = Debug|Any CPU
		{6494B802-211E-4D72-9657-22A2EE0850E8}.Debug Cmd|Win32.ActiveCfg = Debug|Any CPU
		{6494B802-211E-4D72-9657-22A2EE0850E8}.Debug|Any CPU.ActiveCfg = Debug|Any CPU
		{6494B802-211E-4D72-9657-22A2EE0850E8}.Debug|Any CPU.Build.0 = Debug|Any CPU
		{6494B802-211E-4D72-9657-22A2EE0850E8}.Debug|Mixed Platforms.ActiveCfg = Debug|Any CPU
		{6494B802-211E-4D72-9657-22A2EE0850E8}.Debug|Mixed Platforms.Build.0 = Debug|Any CPU
		{6494B802-211E-4D72-9657-22A2EE0850E8}.Debug|Win32.ActiveCfg = Debug|Any CPU
		{6494B802-211E-4D72-9657-22A2EE0850E8}.Release|Any CPU.ActiveCfg = Release|Any CPU
		{6494B802-211E-4D72-9657-22A2EE0850E8}.Release|Any CPU.Build.0 = Release|Any CPU
		{6494B802-211E-4D72-9657-22A2EE0850E8}.Release|Mixed Platforms.ActiveCfg = Release|Any CPU
		{6494B802-211E-4D72-9657-22A2EE0850E8}.Release|Mixed Platforms.Build.0 = Release|Any CPU
		{6494B802-211E-4D72-9657-22A2EE0850E8}.Release|Win32.ActiveCfg = Release|Any CPU
	EndGlobalSection
	GlobalSection(SolutionProperties) = preSolution
		HideSolutionNode = FALSE
	EndGlobalSection
EndGlobal
