
Microsoft Visual Studio Solution File, Format Version 10.00
# Visual Studio 2008
Project("{FAE04EC0-301F-11D3-BF4B-00C04F79EFBC}") = "SmartAppVC9", "SmartApp\SmartAppVC9.csproj", "{5A8BD31D-5E4E-4891-9351-DD3119CB6BC9}"
EndProject
Project("{FAE04EC0-301F-11D3-BF4B-00C04F79EFBC}") = "CommonLibVC9", "CommonLib\CommonLibVC9.csproj", "{3EFBC5AC-5842-4DE5-85C2-507E24AEC46F}"
EndProject
Project("{FAE04EC0-301F-11D3-BF4B-00C04F79EFBC}") = "CtrlSerpentinVC9", "CtrlSerpentin\CtrlSerpentinVC9.csproj", "{94373D87-E83C-4FDF-A029-792A4A48C680}"
EndProject
Project("{FAE04EC0-301F-11D3-BF4B-00C04F79EFBC}") = "CtrlTwoBitmapVC9", "CtrlTwoBitmap\CtrlTwoBitmapVC9.csproj", "{4955E361-A3B1-4507-BB31-A987814A0A3B}"
EndProject
Project("{FAE04EC0-301F-11D3-BF4B-00C04F79EFBC}") = "FourBitmapVC9", "FourBitmap\FourBitmapVC9.csproj", "{6494B802-211E-4D72-9657-22A2EE0850E8}"
EndProject
Project("{FAE04EC0-301F-11D3-BF4B-00C04F79EFBC}") = "GradientBaloonVC9", "GradientBaloon\GradientBaloonVC9.csproj", "{5ACA4CB4-0DC3-4E09-8E13-81DD29F87161}"
EndProject
Project("{FAE04EC0-301F-11D3-BF4B-00C04F79EFBC}") = "FormatedDisplayVC9", "FormatedDisplay\FormatedDisplayVC9.csproj", "{7B2150F6-8F06-49C9-8CE7-D298DE5E04EF}"
EndProject
Project("{FAE04EC0-301F-11D3-BF4B-00C04F79EFBC}") = "CtrlJaugeVC9", "CtrlJauge\CtrlJaugeVC9.csproj", "{6F150ACD-AD51-43DB-BF98-433D9F9D03F1}"
EndProject
Project("{FAE04EC0-301F-11D3-BF4B-00C04F79EFBC}") = "DigitalDisplayVC9", "DigitalDisplay\DigitalDisplayVC9.csproj", "{486930DE-F974-4E9B-87A5-5BF43D2BA463}"
EndProject
Project("{FAE04EC0-301F-11D3-BF4B-00C04F79EFBC}") = "CtrlDataTriggerVC9", "CtrlDataTrigger\CtrlDataTriggerVC9.csproj", "{76222E36-853A-4DEF-8354-031B954796C8}"
EndProject
Project("{FAE04EC0-301F-11D3-BF4B-00C04F79EFBC}") = "CtrlGraphVC9", "CtrlGraph\CtrlGraphVC9.csproj", "{F5A1ED95-18C0-4598-B25F-BE50ACC3DEE8}"
EndProject
Project("{FAE04EC0-301F-11D3-BF4B-00C04F79EFBC}") = "CtrlDemuxVC9", "CtrlDemux\CtrlDemuxVC9.csproj", "{99E4B4D9-CDE5-491F-923A-1FA0FA5839D4}"
EndProject
Project("{FAE04EC0-301F-11D3-BF4B-00C04F79EFBC}") = "CtrlDataGridVC9", "CtrlDataGrid\CtrlDataGridVC9.csproj", "{099CFCFC-63A2-4A1A-AE6C-4E301B0E1CD5}"
EndProject
Project("{FAE04EC0-301F-11D3-BF4B-00C04F79EFBC}") = "CtrlTimeWatchVC9", "CtrlTimeWatch\CtrlTimeWatchVC9.csproj", "{A0539CB6-495E-4412-89A3-00C9CB7448E9}"
EndProject
Project("{FAE04EC0-301F-11D3-BF4B-00C04F79EFBC}") = "CommonDBAccesVC9", "CommonDBAcces\CommonDBAccesVC9.csproj", "{FCB4D44C-0DA5-461D-8B82-D82F95D121CA}"
EndProject
Project("{FAE04EC0-301F-11D3-BF4B-00C04F79EFBC}") = "PasswordControlerVC9", "PasswordControler\PasswordControlerVC9.csproj", "{A6582518-3B26-47FC-9FAF-5F53AF2EC486}"
EndProject
Project("{FAE04EC0-301F-11D3-BF4B-00C04F79EFBC}") = "ScreenItemLockerVC9", "ScreenItemLocker\ScreenItemLockerVC9.csproj", "{FF32D551-801D-4D14-AABB-F3FF50B94A87}"
EndProject
Global
	GlobalSection(SolutionConfigurationPlatforms) = preSolution
		BuildLang|Any CPU = BuildLang|Any CPU
		BuildLang|Mixed Platforms = BuildLang|Mixed Platforms
		BuildLang|Win32 = BuildLang|Win32
		Debug Cmd|Any CPU = Debug Cmd|Any CPU
		Debug Cmd|Mixed Platforms = Debug Cmd|Mixed Platforms
		Debug Cmd|Win32 = Debug Cmd|Win32
		Debug Test|Any CPU = Debug Test|Any CPU
		Debug Test|Mixed Platforms = Debug Test|Mixed Platforms
		Debug Test|Win32 = Debug Test|Win32
		Debug|Any CPU = Debug|Any CPU
		Debug|Mixed Platforms = Debug|Mixed Platforms
		Debug|Win32 = Debug|Win32
		Release|Any CPU = Release|Any CPU
		Release|Mixed Platforms = Release|Mixed Platforms
		Release|Win32 = Release|Win32
	EndGlobalSection
	GlobalSection(ProjectConfigurationPlatforms) = postSolution
		{5A8BD31D-5E4E-4891-9351-DD3119CB6BC9}.BuildLang|Any CPU.ActiveCfg = BuildLang|Any CPU
		{5A8BD31D-5E4E-4891-9351-DD3119CB6BC9}.BuildLang|Any CPU.Build.0 = BuildLang|Any CPU
		{5A8BD31D-5E4E-4891-9351-DD3119CB6BC9}.BuildLang|Mixed Platforms.ActiveCfg = BuildLang|Any CPU
		{5A8BD31D-5E4E-4891-9351-DD3119CB6BC9}.BuildLang|Mixed Platforms.Build.0 = BuildLang|Any CPU
		{5A8BD31D-5E4E-4891-9351-DD3119CB6BC9}.BuildLang|Win32.ActiveCfg = BuildLang|Any CPU
		{5A8BD31D-5E4E-4891-9351-DD3119CB6BC9}.Debug Cmd|Any CPU.ActiveCfg = Debug Cmd|Any CPU
		{5A8BD31D-5E4E-4891-9351-DD3119CB6BC9}.Debug Cmd|Any CPU.Build.0 = Debug Cmd|Any CPU
		{5A8BD31D-5E4E-4891-9351-DD3119CB6BC9}.Debug Cmd|Mixed Platforms.ActiveCfg = Debug Cmd|Any CPU
		{5A8BD31D-5E4E-4891-9351-DD3119CB6BC9}.Debug Cmd|Mixed Platforms.Build.0 = Debug Cmd|Any CPU
		{5A8BD31D-5E4E-4891-9351-DD3119CB6BC9}.Debug Cmd|Win32.ActiveCfg = Debug Cmd|Any CPU
		{5A8BD31D-5E4E-4891-9351-DD3119CB6BC9}.Debug Test|Any CPU.ActiveCfg = Debug Test|Any CPU
		{5A8BD31D-5E4E-4891-9351-DD3119CB6BC9}.Debug Test|Any CPU.Build.0 = Debug Test|Any CPU
		{5A8BD31D-5E4E-4891-9351-DD3119CB6BC9}.Debug Test|Mixed Platforms.ActiveCfg = Debug Test|Any CPU
		{5A8BD31D-5E4E-4891-9351-DD3119CB6BC9}.Debug Test|Mixed Platforms.Build.0 = Debug Test|Any CPU
		{5A8BD31D-5E4E-4891-9351-DD3119CB6BC9}.Debug Test|Win32.ActiveCfg = Debug Test|Any CPU
		{5A8BD31D-5E4E-4891-9351-DD3119CB6BC9}.Debug|Any CPU.ActiveCfg = Debug|Any CPU
		{5A8BD31D-5E4E-4891-9351-DD3119CB6BC9}.Debug|Any CPU.Build.0 = Debug|Any CPU
		{5A8BD31D-5E4E-4891-9351-DD3119CB6BC9}.Debug|Mixed Platforms.ActiveCfg = Debug|Any CPU
		{5A8BD31D-5E4E-4891-9351-DD3119CB6BC9}.Debug|Mixed Platforms.Build.0 = Debug|Any CPU
		{5A8BD31D-5E4E-4891-9351-DD3119CB6BC9}.Debug|Win32.ActiveCfg = Debug|Any CPU
		{5A8BD31D-5E4E-4891-9351-DD3119CB6BC9}.Release|Any CPU.ActiveCfg = Release|Any CPU
		{5A8BD31D-5E4E-4891-9351-DD3119CB6BC9}.Release|Any CPU.Build.0 = Release|Any CPU
		{5A8BD31D-5E4E-4891-9351-DD3119CB6BC9}.Release|Mixed Platforms.ActiveCfg = Release|Any CPU
		{5A8BD31D-5E4E-4891-9351-DD3119CB6BC9}.Release|Mixed Platforms.Build.0 = Release|Any CPU
		{5A8BD31D-5E4E-4891-9351-DD3119CB6BC9}.Release|Win32.ActiveCfg = Release|Any CPU
		{3EFBC5AC-5842-4DE5-85C2-507E24AEC46F}.BuildLang|Any CPU.ActiveCfg = BuildLang|Any CPU
		{3EFBC5AC-5842-4DE5-85C2-507E24AEC46F}.BuildLang|Any CPU.Build.0 = BuildLang|Any CPU
		{3EFBC5AC-5842-4DE5-85C2-507E24AEC46F}.BuildLang|Mixed Platforms.ActiveCfg = BuildLang|Any CPU
		{3EFBC5AC-5842-4DE5-85C2-507E24AEC46F}.BuildLang|Mixed Platforms.Build.0 = BuildLang|Any CPU
		{3EFBC5AC-5842-4DE5-85C2-507E24AEC46F}.BuildLang|Win32.ActiveCfg = BuildLang|Any CPU
		{3EFBC5AC-5842-4DE5-85C2-507E24AEC46F}.Debug Cmd|Any CPU.ActiveCfg = Debug|Any CPU
		{3EFBC5AC-5842-4DE5-85C2-507E24AEC46F}.Debug Cmd|Any CPU.Build.0 = Debug|Any CPU
		{3EFBC5AC-5842-4DE5-85C2-507E24AEC46F}.Debug Cmd|Mixed Platforms.ActiveCfg = Debug|Any CPU
		{3EFBC5AC-5842-4DE5-85C2-507E24AEC46F}.Debug Cmd|Mixed Platforms.Build.0 = Debug|Any CPU
		{3EFBC5AC-5842-4DE5-85C2-507E24AEC46F}.Debug Cmd|Win32.ActiveCfg = Debug|Any CPU
		{3EFBC5AC-5842-4DE5-85C2-507E24AEC46F}.Debug Test|Any CPU.ActiveCfg = Debug|Any CPU
		{3EFBC5AC-5842-4DE5-85C2-507E24AEC46F}.Debug Test|Any CPU.Build.0 = Debug|Any CPU
		{3EFBC5AC-5842-4DE5-85C2-507E24AEC46F}.Debug Test|Mixed Platforms.ActiveCfg = Debug Test|Any CPU
		{3EFBC5AC-5842-4DE5-85C2-507E24AEC46F}.Debug Test|Mixed Platforms.Build.0 = Debug Test|Any CPU
		{3EFBC5AC-5842-4DE5-85C2-507E24AEC46F}.Debug Test|Win32.ActiveCfg = Debug Test|Any CPU
		{3EFBC5AC-5842-4DE5-85C2-507E24AEC46F}.Debug|Any CPU.ActiveCfg = Debug|Any CPU
		{3EFBC5AC-5842-4DE5-85C2-507E24AEC46F}.Debug|Any CPU.Build.0 = Debug|Any CPU
		{3EFBC5AC-5842-4DE5-85C2-507E24AEC46F}.Debug|Mixed Platforms.ActiveCfg = Debug|Any CPU
		{3EFBC5AC-5842-4DE5-85C2-507E24AEC46F}.Debug|Mixed Platforms.Build.0 = Debug|Any CPU
		{3EFBC5AC-5842-4DE5-85C2-507E24AEC46F}.Debug|Win32.ActiveCfg = Debug|Any CPU
		{3EFBC5AC-5842-4DE5-85C2-507E24AEC46F}.Release|Any CPU.ActiveCfg = Release|Any CPU
		{3EFBC5AC-5842-4DE5-85C2-507E24AEC46F}.Release|Any CPU.Build.0 = Release|Any CPU
		{3EFBC5AC-5842-4DE5-85C2-507E24AEC46F}.Release|Mixed Platforms.ActiveCfg = Release|Any CPU
		{3EFBC5AC-5842-4DE5-85C2-507E24AEC46F}.Release|Mixed Platforms.Build.0 = Release|Any CPU
		{3EFBC5AC-5842-4DE5-85C2-507E24AEC46F}.Release|Win32.ActiveCfg = Release|Any CPU
		{94373D87-E83C-4FDF-A029-792A4A48C680}.BuildLang|Any CPU.ActiveCfg = BuildLang|Any CPU
		{94373D87-E83C-4FDF-A029-792A4A48C680}.BuildLang|Any CPU.Build.0 = BuildLang|Any CPU
		{94373D87-E83C-4FDF-A029-792A4A48C680}.BuildLang|Mixed Platforms.ActiveCfg = BuildLang|Any CPU
		{94373D87-E83C-4FDF-A029-792A4A48C680}.BuildLang|Mixed Platforms.Build.0 = BuildLang|Any CPU
		{94373D87-E83C-4FDF-A029-792A4A48C680}.BuildLang|Win32.ActiveCfg = BuildLang|Any CPU
		{94373D87-E83C-4FDF-A029-792A4A48C680}.Debug Cmd|Any CPU.ActiveCfg = Debug|Any CPU
		{94373D87-E83C-4FDF-A029-792A4A48C680}.Debug Cmd|Any CPU.Build.0 = Debug|Any CPU
		{94373D87-E83C-4FDF-A029-792A4A48C680}.Debug Cmd|Mixed Platforms.ActiveCfg = Debug|Any CPU
		{94373D87-E83C-4FDF-A029-792A4A48C680}.Debug Cmd|Mixed Platforms.Build.0 = Debug|Any CPU
		{94373D87-E83C-4FDF-A029-792A4A48C680}.Debug Cmd|Win32.ActiveCfg = Debug|Any CPU
		{94373D87-E83C-4FDF-A029-792A4A48C680}.Debug Test|Any CPU.ActiveCfg = Debug|Any CPU
		{94373D87-E83C-4FDF-A029-792A4A48C680}.Debug Test|Any CPU.Build.0 = Debug|Any CPU
		{94373D87-E83C-4FDF-A029-792A4A48C680}.Debug Test|Mixed Platforms.ActiveCfg = Debug|Any CPU
		{94373D87-E83C-4FDF-A029-792A4A48C680}.Debug Test|Mixed Platforms.Build.0 = Debug|Any CPU
		{94373D87-E83C-4FDF-A029-792A4A48C680}.Debug Test|Win32.ActiveCfg = Debug|Any CPU
		{94373D87-E83C-4FDF-A029-792A4A48C680}.Debug|Any CPU.ActiveCfg = Debug|Any CPU
		{94373D87-E83C-4FDF-A029-792A4A48C680}.Debug|Any CPU.Build.0 = Debug|Any CPU
		{94373D87-E83C-4FDF-A029-792A4A48C680}.Debug|Mixed Platforms.ActiveCfg = Debug|Any CPU
		{94373D87-E83C-4FDF-A029-792A4A48C680}.Debug|Mixed Platforms.Build.0 = Debug|Any CPU
		{94373D87-E83C-4FDF-A029-792A4A48C680}.Debug|Win32.ActiveCfg = Debug|Any CPU
		{94373D87-E83C-4FDF-A029-792A4A48C680}.Release|Any CPU.ActiveCfg = Release|Any CPU
		{94373D87-E83C-4FDF-A029-792A4A48C680}.Release|Any CPU.Build.0 = Release|Any CPU
		{94373D87-E83C-4FDF-A029-792A4A48C680}.Release|Mixed Platforms.ActiveCfg = Release|Any CPU
		{94373D87-E83C-4FDF-A029-792A4A48C680}.Release|Mixed Platforms.Build.0 = Release|Any CPU
		{94373D87-E83C-4FDF-A029-792A4A48C680}.Release|Win32.ActiveCfg = Release|Any CPU
		{4955E361-A3B1-4507-BB31-A987814A0A3B}.BuildLang|Any CPU.ActiveCfg = BuildLang|Any CPU
		{4955E361-A3B1-4507-BB31-A987814A0A3B}.BuildLang|Any CPU.Build.0 = BuildLang|Any CPU
		{4955E361-A3B1-4507-BB31-A987814A0A3B}.BuildLang|Mixed Platforms.ActiveCfg = BuildLang|Any CPU
		{4955E361-A3B1-4507-BB31-A987814A0A3B}.BuildLang|Mixed Platforms.Build.0 = BuildLang|Any CPU
		{4955E361-A3B1-4507-BB31-A987814A0A3B}.BuildLang|Win32.ActiveCfg = BuildLang|Any CPU
		{4955E361-A3B1-4507-BB31-A987814A0A3B}.Debug Cmd|Any CPU.ActiveCfg = Debug|Any CPU
		{4955E361-A3B1-4507-BB31-A987814A0A3B}.Debug Cmd|Any CPU.Build.0 = Debug|Any CPU
		{4955E361-A3B1-4507-BB31-A987814A0A3B}.Debug Cmd|Mixed Platforms.ActiveCfg = Debug|Any CPU
		{4955E361-A3B1-4507-BB31-A987814A0A3B}.Debug Cmd|Mixed Platforms.Build.0 = Debug|Any CPU
		{4955E361-A3B1-4507-BB31-A987814A0A3B}.Debug Cmd|Win32.ActiveCfg = Debug|Any CPU
		{4955E361-A3B1-4507-BB31-A987814A0A3B}.Debug Test|Any CPU.ActiveCfg = Debug|Any CPU
		{4955E361-A3B1-4507-BB31-A987814A0A3B}.Debug Test|Any CPU.Build.0 = Debug|Any CPU
		{4955E361-A3B1-4507-BB31-A987814A0A3B}.Debug Test|Mixed Platforms.ActiveCfg = Debug|Any CPU
		{4955E361-A3B1-4507-BB31-A987814A0A3B}.Debug Test|Mixed Platforms.Build.0 = Debug|Any CPU
		{4955E361-A3B1-4507-BB31-A987814A0A3B}.Debug Test|Win32.ActiveCfg = Debug|Any CPU
		{4955E361-A3B1-4507-BB31-A987814A0A3B}.Debug|Any CPU.ActiveCfg = Debug|Any CPU
		{4955E361-A3B1-4507-BB31-A987814A0A3B}.Debug|Any CPU.Build.0 = Debug|Any CPU
		{4955E361-A3B1-4507-BB31-A987814A0A3B}.Debug|Mixed Platforms.ActiveCfg = Debug|Any CPU
		{4955E361-A3B1-4507-BB31-A987814A0A3B}.Debug|Mixed Platforms.Build.0 = Debug|Any CPU
		{4955E361-A3B1-4507-BB31-A987814A0A3B}.Debug|Win32.ActiveCfg = Debug|Any CPU
		{4955E361-A3B1-4507-BB31-A987814A0A3B}.Release|Any CPU.ActiveCfg = Release|Any CPU
		{4955E361-A3B1-4507-BB31-A987814A0A3B}.Release|Any CPU.Build.0 = Release|Any CPU
		{4955E361-A3B1-4507-BB31-A987814A0A3B}.Release|Mixed Platforms.ActiveCfg = Release|Any CPU
		{4955E361-A3B1-4507-BB31-A987814A0A3B}.Release|Mixed Platforms.Build.0 = Release|Any CPU
		{4955E361-A3B1-4507-BB31-A987814A0A3B}.Release|Win32.ActiveCfg = Release|Any CPU
		{6494B802-211E-4D72-9657-22A2EE0850E8}.BuildLang|Any CPU.ActiveCfg = BuildLang|Any CPU
		{6494B802-211E-4D72-9657-22A2EE0850E8}.BuildLang|Any CPU.Build.0 = BuildLang|Any CPU
		{6494B802-211E-4D72-9657-22A2EE0850E8}.BuildLang|Mixed Platforms.ActiveCfg = BuildLang|Any CPU
		{6494B802-211E-4D72-9657-22A2EE0850E8}.BuildLang|Mixed Platforms.Build.0 = BuildLang|Any CPU
		{6494B802-211E-4D72-9657-22A2EE0850E8}.BuildLang|Win32.ActiveCfg = BuildLang|Any CPU
		{6494B802-211E-4D72-9657-22A2EE0850E8}.Debug Cmd|Any CPU.ActiveCfg = Debug|Any CPU
		{6494B802-211E-4D72-9657-22A2EE0850E8}.Debug Cmd|Any CPU.Build.0 = Debug|Any CPU
		{6494B802-211E-4D72-9657-22A2EE0850E8}.Debug Cmd|Mixed Platforms.ActiveCfg = Debug|Any CPU
		{6494B802-211E-4D72-9657-22A2EE0850E8}.Debug Cmd|Mixed Platforms.Build.0 = Debug|Any CPU
		{6494B802-211E-4D72-9657-22A2EE0850E8}.Debug Cmd|Win32.ActiveCfg = Debug|Any CPU
		{6494B802-211E-4D72-9657-22A2EE0850E8}.Debug Test|Any CPU.ActiveCfg = Debug|Any CPU
		{6494B802-211E-4D72-9657-22A2EE0850E8}.Debug Test|Any CPU.Build.0 = Debug|Any CPU
		{6494B802-211E-4D72-9657-22A2EE0850E8}.Debug Test|Mixed Platforms.ActiveCfg = Debug|Any CPU
		{6494B802-211E-4D72-9657-22A2EE0850E8}.Debug Test|Mixed Platforms.Build.0 = Debug|Any CPU
		{6494B802-211E-4D72-9657-22A2EE0850E8}.Debug Test|Win32.ActiveCfg = Debug|Any CPU
		{6494B802-211E-4D72-9657-22A2EE0850E8}.Debug|Any CPU.ActiveCfg = Debug|Any CPU
		{6494B802-211E-4D72-9657-22A2EE0850E8}.Debug|Any CPU.Build.0 = Debug|Any CPU
		{6494B802-211E-4D72-9657-22A2EE0850E8}.Debug|Mixed Platforms.ActiveCfg = Debug|Any CPU
		{6494B802-211E-4D72-9657-22A2EE0850E8}.Debug|Mixed Platforms.Build.0 = Debug|Any CPU
		{6494B802-211E-4D72-9657-22A2EE0850E8}.Debug|Win32.ActiveCfg = Debug|Any CPU
		{6494B802-211E-4D72-9657-22A2EE0850E8}.Release|Any CPU.ActiveCfg = Release|Any CPU
		{6494B802-211E-4D72-9657-22A2EE0850E8}.Release|Any CPU.Build.0 = Release|Any CPU
		{6494B802-211E-4D72-9657-22A2EE0850E8}.Release|Mixed Platforms.ActiveCfg = Release|Any CPU
		{6494B802-211E-4D72-9657-22A2EE0850E8}.Release|Mixed Platforms.Build.0 = Release|Any CPU
		{6494B802-211E-4D72-9657-22A2EE0850E8}.Release|Win32.ActiveCfg = Release|Any CPU
		{5ACA4CB4-0DC3-4E09-8E13-81DD29F87161}.BuildLang|Any CPU.ActiveCfg = BuildLang|Any CPU
		{5ACA4CB4-0DC3-4E09-8E13-81DD29F87161}.BuildLang|Any CPU.Build.0 = BuildLang|Any CPU
		{5ACA4CB4-0DC3-4E09-8E13-81DD29F87161}.BuildLang|Mixed Platforms.ActiveCfg = BuildLang|Any CPU
		{5ACA4CB4-0DC3-4E09-8E13-81DD29F87161}.BuildLang|Mixed Platforms.Build.0 = BuildLang|Any CPU
		{5ACA4CB4-0DC3-4E09-8E13-81DD29F87161}.BuildLang|Win32.ActiveCfg = BuildLang|Any CPU
		{5ACA4CB4-0DC3-4E09-8E13-81DD29F87161}.Debug Cmd|Any CPU.ActiveCfg = Debug|Any CPU
		{5ACA4CB4-0DC3-4E09-8E13-81DD29F87161}.Debug Cmd|Any CPU.Build.0 = Debug|Any CPU
		{5ACA4CB4-0DC3-4E09-8E13-81DD29F87161}.Debug Cmd|Mixed Platforms.ActiveCfg = Debug|Any CPU
		{5ACA4CB4-0DC3-4E09-8E13-81DD29F87161}.Debug Cmd|Mixed Platforms.Build.0 = Debug|Any CPU
		{5ACA4CB4-0DC3-4E09-8E13-81DD29F87161}.Debug Cmd|Win32.ActiveCfg = Debug|Any CPU
		{5ACA4CB4-0DC3-4E09-8E13-81DD29F87161}.Debug Test|Any CPU.ActiveCfg = Debug|Any CPU
		{5ACA4CB4-0DC3-4E09-8E13-81DD29F87161}.Debug Test|Any CPU.Build.0 = Debug|Any CPU
		{5ACA4CB4-0DC3-4E09-8E13-81DD29F87161}.Debug Test|Mixed Platforms.ActiveCfg = Debug|Any CPU
		{5ACA4CB4-0DC3-4E09-8E13-81DD29F87161}.Debug Test|Mixed Platforms.Build.0 = Debug|Any CPU
		{5ACA4CB4-0DC3-4E09-8E13-81DD29F87161}.Debug Test|Win32.ActiveCfg = Debug|Any CPU
		{5ACA4CB4-0DC3-4E09-8E13-81DD29F87161}.Debug|Any CPU.ActiveCfg = Debug|Any CPU
		{5ACA4CB4-0DC3-4E09-8E13-81DD29F87161}.Debug|Any CPU.Build.0 = Debug|Any CPU
		{5ACA4CB4-0DC3-4E09-8E13-81DD29F87161}.Debug|Mixed Platforms.ActiveCfg = Debug|Any CPU
		{5ACA4CB4-0DC3-4E09-8E13-81DD29F87161}.Debug|Mixed Platforms.Build.0 = Debug|Any CPU
		{5ACA4CB4-0DC3-4E09-8E13-81DD29F87161}.Debug|Win32.ActiveCfg = Debug|Any CPU
		{5ACA4CB4-0DC3-4E09-8E13-81DD29F87161}.Release|Any CPU.ActiveCfg = Release|Any CPU
		{5ACA4CB4-0DC3-4E09-8E13-81DD29F87161}.Release|Any CPU.Build.0 = Release|Any CPU
		{5ACA4CB4-0DC3-4E09-8E13-81DD29F87161}.Release|Mixed Platforms.ActiveCfg = Release|Any CPU
		{5ACA4CB4-0DC3-4E09-8E13-81DD29F87161}.Release|Mixed Platforms.Build.0 = Release|Any CPU
		{5ACA4CB4-0DC3-4E09-8E13-81DD29F87161}.Release|Win32.ActiveCfg = Release|Any CPU
		{7B2150F6-8F06-49C9-8CE7-D298DE5E04EF}.BuildLang|Any CPU.ActiveCfg = BuildLang|Any CPU
		{7B2150F6-8F06-49C9-8CE7-D298DE5E04EF}.BuildLang|Any CPU.Build.0 = BuildLang|Any CPU
		{7B2150F6-8F06-49C9-8CE7-D298DE5E04EF}.BuildLang|Mixed Platforms.ActiveCfg = BuildLang|Any CPU
		{7B2150F6-8F06-49C9-8CE7-D298DE5E04EF}.BuildLang|Mixed Platforms.Build.0 = BuildLang|Any CPU
		{7B2150F6-8F06-49C9-8CE7-D298DE5E04EF}.BuildLang|Win32.ActiveCfg = BuildLang|Any CPU
		{7B2150F6-8F06-49C9-8CE7-D298DE5E04EF}.Debug Cmd|Any CPU.ActiveCfg = Debug|Any CPU
		{7B2150F6-8F06-49C9-8CE7-D298DE5E04EF}.Debug Cmd|Any CPU.Build.0 = Debug|Any CPU
		{7B2150F6-8F06-49C9-8CE7-D298DE5E04EF}.Debug Cmd|Mixed Platforms.ActiveCfg = Debug|Any CPU
		{7B2150F6-8F06-49C9-8CE7-D298DE5E04EF}.Debug Cmd|Mixed Platforms.Build.0 = Debug|Any CPU
		{7B2150F6-8F06-49C9-8CE7-D298DE5E04EF}.Debug Cmd|Win32.ActiveCfg = Debug|Any CPU
		{7B2150F6-8F06-49C9-8CE7-D298DE5E04EF}.Debug Test|Any CPU.ActiveCfg = Debug|Any CPU
		{7B2150F6-8F06-49C9-8CE7-D298DE5E04EF}.Debug Test|Any CPU.Build.0 = Debug|Any CPU
		{7B2150F6-8F06-49C9-8CE7-D298DE5E04EF}.Debug Test|Mixed Platforms.ActiveCfg = Debug|Any CPU
		{7B2150F6-8F06-49C9-8CE7-D298DE5E04EF}.Debug Test|Mixed Platforms.Build.0 = Debug|Any CPU
		{7B2150F6-8F06-49C9-8CE7-D298DE5E04EF}.Debug Test|Win32.ActiveCfg = Debug|Any CPU
		{7B2150F6-8F06-49C9-8CE7-D298DE5E04EF}.Debug|Any CPU.ActiveCfg = Debug|Any CPU
		{7B2150F6-8F06-49C9-8CE7-D298DE5E04EF}.Debug|Any CPU.Build.0 = Debug|Any CPU
		{7B2150F6-8F06-49C9-8CE7-D298DE5E04EF}.Debug|Mixed Platforms.ActiveCfg = Debug|Any CPU
		{7B2150F6-8F06-49C9-8CE7-D298DE5E04EF}.Debug|Mixed Platforms.Build.0 = Debug|Any CPU
		{7B2150F6-8F06-49C9-8CE7-D298DE5E04EF}.Debug|Win32.ActiveCfg = Debug|Any CPU
		{7B2150F6-8F06-49C9-8CE7-D298DE5E04EF}.Release|Any CPU.ActiveCfg = Release|Any CPU
		{7B2150F6-8F06-49C9-8CE7-D298DE5E04EF}.Release|Any CPU.Build.0 = Release|Any CPU
		{7B2150F6-8F06-49C9-8CE7-D298DE5E04EF}.Release|Mixed Platforms.ActiveCfg = Release|Any CPU
		{7B2150F6-8F06-49C9-8CE7-D298DE5E04EF}.Release|Mixed Platforms.Build.0 = Release|Any CPU
		{7B2150F6-8F06-49C9-8CE7-D298DE5E04EF}.Release|Win32.ActiveCfg = Release|Any CPU
		{6F150ACD-AD51-43DB-BF98-433D9F9D03F1}.BuildLang|Any CPU.ActiveCfg = BuildLang|Any CPU
		{6F150ACD-AD51-43DB-BF98-433D9F9D03F1}.BuildLang|Any CPU.Build.0 = BuildLang|Any CPU
		{6F150ACD-AD51-43DB-BF98-433D9F9D03F1}.BuildLang|Mixed Platforms.ActiveCfg = BuildLang|Any CPU
		{6F150ACD-AD51-43DB-BF98-433D9F9D03F1}.BuildLang|Mixed Platforms.Build.0 = BuildLang|Any CPU
		{6F150ACD-AD51-43DB-BF98-433D9F9D03F1}.BuildLang|Win32.ActiveCfg = BuildLang|Any CPU
		{6F150ACD-AD51-43DB-BF98-433D9F9D03F1}.Debug Cmd|Any CPU.ActiveCfg = Debug|Any CPU
		{6F150ACD-AD51-43DB-BF98-433D9F9D03F1}.Debug Cmd|Any CPU.Build.0 = Debug|Any CPU
		{6F150ACD-AD51-43DB-BF98-433D9F9D03F1}.Debug Cmd|Mixed Platforms.ActiveCfg = Debug|Any CPU
		{6F150ACD-AD51-43DB-BF98-433D9F9D03F1}.Debug Cmd|Mixed Platforms.Build.0 = Debug|Any CPU
		{6F150ACD-AD51-43DB-BF98-433D9F9D03F1}.Debug Cmd|Win32.ActiveCfg = Debug|Any CPU
		{6F150ACD-AD51-43DB-BF98-433D9F9D03F1}.Debug Test|Any CPU.ActiveCfg = Debug|Any CPU
		{6F150ACD-AD51-43DB-BF98-433D9F9D03F1}.Debug Test|Any CPU.Build.0 = Debug|Any CPU
		{6F150ACD-AD51-43DB-BF98-433D9F9D03F1}.Debug Test|Mixed Platforms.ActiveCfg = Debug|Any CPU
		{6F150ACD-AD51-43DB-BF98-433D9F9D03F1}.Debug Test|Mixed Platforms.Build.0 = Debug|Any CPU
		{6F150ACD-AD51-43DB-BF98-433D9F9D03F1}.Debug Test|Win32.ActiveCfg = Debug|Any CPU
		{6F150ACD-AD51-43DB-BF98-433D9F9D03F1}.Debug|Any CPU.ActiveCfg = Debug|Any CPU
		{6F150ACD-AD51-43DB-BF98-433D9F9D03F1}.Debug|Any CPU.Build.0 = Debug|Any CPU
		{6F150ACD-AD51-43DB-BF98-433D9F9D03F1}.Debug|Mixed Platforms.ActiveCfg = Debug|Any CPU
		{6F150ACD-AD51-43DB-BF98-433D9F9D03F1}.Debug|Mixed Platforms.Build.0 = Debug|Any CPU
		{6F150ACD-AD51-43DB-BF98-433D9F9D03F1}.Debug|Win32.ActiveCfg = Debug|Any CPU
		{6F150ACD-AD51-43DB-BF98-433D9F9D03F1}.Release|Any CPU.ActiveCfg = Release|Any CPU
		{6F150ACD-AD51-43DB-BF98-433D9F9D03F1}.Release|Any CPU.Build.0 = Release|Any CPU
		{6F150ACD-AD51-43DB-BF98-433D9F9D03F1}.Release|Mixed Platforms.ActiveCfg = Release|Any CPU
		{6F150ACD-AD51-43DB-BF98-433D9F9D03F1}.Release|Mixed Platforms.Build.0 = Release|Any CPU
		{6F150ACD-AD51-43DB-BF98-433D9F9D03F1}.Release|Win32.ActiveCfg = Release|Any CPU
		{486930DE-F974-4E9B-87A5-5BF43D2BA463}.BuildLang|Any CPU.ActiveCfg = BuildLang|Any CPU
		{486930DE-F974-4E9B-87A5-5BF43D2BA463}.BuildLang|Any CPU.Build.0 = BuildLang|Any CPU
		{486930DE-F974-4E9B-87A5-5BF43D2BA463}.BuildLang|Mixed Platforms.ActiveCfg = BuildLang|Any CPU
		{486930DE-F974-4E9B-87A5-5BF43D2BA463}.BuildLang|Mixed Platforms.Build.0 = BuildLang|Any CPU
		{486930DE-F974-4E9B-87A5-5BF43D2BA463}.BuildLang|Win32.ActiveCfg = BuildLang|Any CPU
		{486930DE-F974-4E9B-87A5-5BF43D2BA463}.Debug Cmd|Any CPU.ActiveCfg = Debug|Any CPU
		{486930DE-F974-4E9B-87A5-5BF43D2BA463}.Debug Cmd|Any CPU.Build.0 = Debug|Any CPU
		{486930DE-F974-4E9B-87A5-5BF43D2BA463}.Debug Cmd|Mixed Platforms.ActiveCfg = Debug|Any CPU
		{486930DE-F974-4E9B-87A5-5BF43D2BA463}.Debug Cmd|Mixed Platforms.Build.0 = Debug|Any CPU
		{486930DE-F974-4E9B-87A5-5BF43D2BA463}.Debug Cmd|Win32.ActiveCfg = Debug|Any CPU
		{486930DE-F974-4E9B-87A5-5BF43D2BA463}.Debug Test|Any CPU.ActiveCfg = Debug|Any CPU
		{486930DE-F974-4E9B-87A5-5BF43D2BA463}.Debug Test|Any CPU.Build.0 = Debug|Any CPU
		{486930DE-F974-4E9B-87A5-5BF43D2BA463}.Debug Test|Mixed Platforms.ActiveCfg = Debug|Any CPU
		{486930DE-F974-4E9B-87A5-5BF43D2BA463}.Debug Test|Mixed Platforms.Build.0 = Debug|Any CPU
		{486930DE-F974-4E9B-87A5-5BF43D2BA463}.Debug Test|Win32.ActiveCfg = Debug|Any CPU
		{486930DE-F974-4E9B-87A5-5BF43D2BA463}.Debug|Any CPU.ActiveCfg = Debug|Any CPU
		{486930DE-F974-4E9B-87A5-5BF43D2BA463}.Debug|Any CPU.Build.0 = Debug|Any CPU
		{486930DE-F974-4E9B-87A5-5BF43D2BA463}.Debug|Mixed Platforms.ActiveCfg = Debug|Any CPU
		{486930DE-F974-4E9B-87A5-5BF43D2BA463}.Debug|Mixed Platforms.Build.0 = Debug|Any CPU
		{486930DE-F974-4E9B-87A5-5BF43D2BA463}.Debug|Win32.ActiveCfg = Debug|Any CPU
		{486930DE-F974-4E9B-87A5-5BF43D2BA463}.Release|Any CPU.ActiveCfg = Release|Any CPU
		{486930DE-F974-4E9B-87A5-5BF43D2BA463}.Release|Any CPU.Build.0 = Release|Any CPU
		{486930DE-F974-4E9B-87A5-5BF43D2BA463}.Release|Mixed Platforms.ActiveCfg = Release|Any CPU
		{486930DE-F974-4E9B-87A5-5BF43D2BA463}.Release|Mixed Platforms.Build.0 = Release|Any CPU
		{486930DE-F974-4E9B-87A5-5BF43D2BA463}.Release|Win32.ActiveCfg = Release|Any CPU
		{76222E36-853A-4DEF-8354-031B954796C8}.BuildLang|Any CPU.ActiveCfg = BuildLang|Any CPU
		{76222E36-853A-4DEF-8354-031B954796C8}.BuildLang|Any CPU.Build.0 = BuildLang|Any CPU
		{76222E36-853A-4DEF-8354-031B954796C8}.BuildLang|Mixed Platforms.ActiveCfg = BuildLang|Any CPU
		{76222E36-853A-4DEF-8354-031B954796C8}.BuildLang|Mixed Platforms.Build.0 = BuildLang|Any CPU
		{76222E36-853A-4DEF-8354-031B954796C8}.BuildLang|Win32.ActiveCfg = BuildLang|Any CPU
		{76222E36-853A-4DEF-8354-031B954796C8}.Debug Cmd|Any CPU.ActiveCfg = Debug|Any CPU
		{76222E36-853A-4DEF-8354-031B954796C8}.Debug Cmd|Any CPU.Build.0 = Debug|Any CPU
		{76222E36-853A-4DEF-8354-031B954796C8}.Debug Cmd|Mixed Platforms.ActiveCfg = Debug|Any CPU
		{76222E36-853A-4DEF-8354-031B954796C8}.Debug Cmd|Mixed Platforms.Build.0 = Debug|Any CPU
		{76222E36-853A-4DEF-8354-031B954796C8}.Debug Cmd|Win32.ActiveCfg = Debug|Any CPU
		{76222E36-853A-4DEF-8354-031B954796C8}.Debug Test|Any CPU.ActiveCfg = Debug|Any CPU
		{76222E36-853A-4DEF-8354-031B954796C8}.Debug Test|Any CPU.Build.0 = Debug|Any CPU
		{76222E36-853A-4DEF-8354-031B954796C8}.Debug Test|Mixed Platforms.ActiveCfg = Debug|Any CPU
		{76222E36-853A-4DEF-8354-031B954796C8}.Debug Test|Mixed Platforms.Build.0 = Debug|Any CPU
		{76222E36-853A-4DEF-8354-031B954796C8}.Debug Test|Win32.ActiveCfg = Debug|Any CPU
		{76222E36-853A-4DEF-8354-031B954796C8}.Debug|Any CPU.ActiveCfg = Debug|Any CPU
		{76222E36-853A-4DEF-8354-031B954796C8}.Debug|Any CPU.Build.0 = Debug|Any CPU
		{76222E36-853A-4DEF-8354-031B954796C8}.Debug|Mixed Platforms.ActiveCfg = Debug|Any CPU
		{76222E36-853A-4DEF-8354-031B954796C8}.Debug|Mixed Platforms.Build.0 = Debug|Any CPU
		{76222E36-853A-4DEF-8354-031B954796C8}.Debug|Win32.ActiveCfg = Debug|Any CPU
		{76222E36-853A-4DEF-8354-031B954796C8}.Release|Any CPU.ActiveCfg = Release|Any CPU
		{76222E36-853A-4DEF-8354-031B954796C8}.Release|Any CPU.Build.0 = Release|Any CPU
		{76222E36-853A-4DEF-8354-031B954796C8}.Release|Mixed Platforms.ActiveCfg = Release|Any CPU
		{76222E36-853A-4DEF-8354-031B954796C8}.Release|Mixed Platforms.Build.0 = Release|Any CPU
		{76222E36-853A-4DEF-8354-031B954796C8}.Release|Win32.ActiveCfg = Release|Any CPU
		{F5A1ED95-18C0-4598-B25F-BE50ACC3DEE8}.BuildLang|Any CPU.ActiveCfg = BuildLang|Any CPU
		{F5A1ED95-18C0-4598-B25F-BE50ACC3DEE8}.BuildLang|Any CPU.Build.0 = BuildLang|Any CPU
		{F5A1ED95-18C0-4598-B25F-BE50ACC3DEE8}.BuildLang|Mixed Platforms.ActiveCfg = BuildLang|Any CPU
		{F5A1ED95-18C0-4598-B25F-BE50ACC3DEE8}.BuildLang|Mixed Platforms.Build.0 = BuildLang|Any CPU
		{F5A1ED95-18C0-4598-B25F-BE50ACC3DEE8}.BuildLang|Win32.ActiveCfg = BuildLang|Any CPU
		{F5A1ED95-18C0-4598-B25F-BE50ACC3DEE8}.Debug Cmd|Any CPU.ActiveCfg = Debug|Any CPU
		{F5A1ED95-18C0-4598-B25F-BE50ACC3DEE8}.Debug Cmd|Any CPU.Build.0 = Debug|Any CPU
		{F5A1ED95-18C0-4598-B25F-BE50ACC3DEE8}.Debug Cmd|Mixed Platforms.ActiveCfg = Debug|Any CPU
		{F5A1ED95-18C0-4598-B25F-BE50ACC3DEE8}.Debug Cmd|Mixed Platforms.Build.0 = Debug|Any CPU
		{F5A1ED95-18C0-4598-B25F-BE50ACC3DEE8}.Debug Cmd|Win32.ActiveCfg = Debug|Any CPU
		{F5A1ED95-18C0-4598-B25F-BE50ACC3DEE8}.Debug Test|Any CPU.ActiveCfg = Debug|Any CPU
		{F5A1ED95-18C0-4598-B25F-BE50ACC3DEE8}.Debug Test|Any CPU.Build.0 = Debug|Any CPU
		{F5A1ED95-18C0-4598-B25F-BE50ACC3DEE8}.Debug Test|Mixed Platforms.ActiveCfg = Debug|Any CPU
		{F5A1ED95-18C0-4598-B25F-BE50ACC3DEE8}.Debug Test|Mixed Platforms.Build.0 = Debug|Any CPU
		{F5A1ED95-18C0-4598-B25F-BE50ACC3DEE8}.Debug Test|Win32.ActiveCfg = Debug|Any CPU
		{F5A1ED95-18C0-4598-B25F-BE50ACC3DEE8}.Debug|Any CPU.ActiveCfg = Debug|Any CPU
		{F5A1ED95-18C0-4598-B25F-BE50ACC3DEE8}.Debug|Any CPU.Build.0 = Debug|Any CPU
		{F5A1ED95-18C0-4598-B25F-BE50ACC3DEE8}.Debug|Mixed Platforms.ActiveCfg = Debug|Any CPU
		{F5A1ED95-18C0-4598-B25F-BE50ACC3DEE8}.Debug|Mixed Platforms.Build.0 = Debug|Any CPU
		{F5A1ED95-18C0-4598-B25F-BE50ACC3DEE8}.Debug|Win32.ActiveCfg = Debug|Any CPU
		{F5A1ED95-18C0-4598-B25F-BE50ACC3DEE8}.Release|Any CPU.ActiveCfg = Release|Any CPU
		{F5A1ED95-18C0-4598-B25F-BE50ACC3DEE8}.Release|Any CPU.Build.0 = Release|Any CPU
		{F5A1ED95-18C0-4598-B25F-BE50ACC3DEE8}.Release|Mixed Platforms.ActiveCfg = Release|Any CPU
		{F5A1ED95-18C0-4598-B25F-BE50ACC3DEE8}.Release|Mixed Platforms.Build.0 = Release|Any CPU
		{F5A1ED95-18C0-4598-B25F-BE50ACC3DEE8}.Release|Win32.ActiveCfg = Release|Any CPU
		{99E4B4D9-CDE5-491F-923A-1FA0FA5839D4}.BuildLang|Any CPU.ActiveCfg = BuildLang|Any CPU
		{99E4B4D9-CDE5-491F-923A-1FA0FA5839D4}.BuildLang|Any CPU.Build.0 = BuildLang|Any CPU
		{99E4B4D9-CDE5-491F-923A-1FA0FA5839D4}.BuildLang|Mixed Platforms.ActiveCfg = BuildLang|Any CPU
		{99E4B4D9-CDE5-491F-923A-1FA0FA5839D4}.BuildLang|Mixed Platforms.Build.0 = BuildLang|Any CPU
		{99E4B4D9-CDE5-491F-923A-1FA0FA5839D4}.BuildLang|Win32.ActiveCfg = BuildLang|Any CPU
		{99E4B4D9-CDE5-491F-923A-1FA0FA5839D4}.Debug Cmd|Any CPU.ActiveCfg = Debug|Any CPU
		{99E4B4D9-CDE5-491F-923A-1FA0FA5839D4}.Debug Cmd|Any CPU.Build.0 = Debug|Any CPU
		{99E4B4D9-CDE5-491F-923A-1FA0FA5839D4}.Debug Cmd|Mixed Platforms.ActiveCfg = Debug|Any CPU
		{99E4B4D9-CDE5-491F-923A-1FA0FA5839D4}.Debug Cmd|Mixed Platforms.Build.0 = Debug|Any CPU
		{99E4B4D9-CDE5-491F-923A-1FA0FA5839D4}.Debug Cmd|Win32.ActiveCfg = Debug|Any CPU
		{99E4B4D9-CDE5-491F-923A-1FA0FA5839D4}.Debug Test|Any CPU.ActiveCfg = Debug|Any CPU
		{99E4B4D9-CDE5-491F-923A-1FA0FA5839D4}.Debug Test|Any CPU.Build.0 = Debug|Any CPU
		{99E4B4D9-CDE5-491F-923A-1FA0FA5839D4}.Debug Test|Mixed Platforms.ActiveCfg = Debug|Any CPU
		{99E4B4D9-CDE5-491F-923A-1FA0FA5839D4}.Debug Test|Mixed Platforms.Build.0 = Debug|Any CPU
		{99E4B4D9-CDE5-491F-923A-1FA0FA5839D4}.Debug Test|Win32.ActiveCfg = Debug|Any CPU
		{99E4B4D9-CDE5-491F-923A-1FA0FA5839D4}.Debug|Any CPU.ActiveCfg = Debug|Any CPU
		{99E4B4D9-CDE5-491F-923A-1FA0FA5839D4}.Debug|Any CPU.Build.0 = Debug|Any CPU
		{99E4B4D9-CDE5-491F-923A-1FA0FA5839D4}.Debug|Mixed Platforms.ActiveCfg = Debug|Any CPU
		{99E4B4D9-CDE5-491F-923A-1FA0FA5839D4}.Debug|Mixed Platforms.Build.0 = Debug|Any CPU
		{99E4B4D9-CDE5-491F-923A-1FA0FA5839D4}.Debug|Win32.ActiveCfg = Debug|Any CPU
		{99E4B4D9-CDE5-491F-923A-1FA0FA5839D4}.Release|Any CPU.ActiveCfg = Release|Any CPU
		{99E4B4D9-CDE5-491F-923A-1FA0FA5839D4}.Release|Any CPU.Build.0 = Release|Any CPU
		{99E4B4D9-CDE5-491F-923A-1FA0FA5839D4}.Release|Mixed Platforms.ActiveCfg = Release|Any CPU
		{99E4B4D9-CDE5-491F-923A-1FA0FA5839D4}.Release|Mixed Platforms.Build.0 = Release|Any CPU
		{99E4B4D9-CDE5-491F-923A-1FA0FA5839D4}.Release|Win32.ActiveCfg = Release|Any CPU
		{099CFCFC-63A2-4A1A-AE6C-4E301B0E1CD5}.BuildLang|Any CPU.ActiveCfg = Release|Any CPU
		{099CFCFC-63A2-4A1A-AE6C-4E301B0E1CD5}.BuildLang|Any CPU.Build.0 = Release|Any CPU
		{099CFCFC-63A2-4A1A-AE6C-4E301B0E1CD5}.BuildLang|Mixed Platforms.ActiveCfg = BuildLang|Any CPU
		{099CFCFC-63A2-4A1A-AE6C-4E301B0E1CD5}.BuildLang|Mixed Platforms.Build.0 = BuildLang|Any CPU
		{099CFCFC-63A2-4A1A-AE6C-4E301B0E1CD5}.BuildLang|Win32.ActiveCfg = Release|Any CPU
		{099CFCFC-63A2-4A1A-AE6C-4E301B0E1CD5}.Debug Cmd|Any CPU.ActiveCfg = Debug|Any CPU
		{099CFCFC-63A2-4A1A-AE6C-4E301B0E1CD5}.Debug Cmd|Any CPU.Build.0 = Debug|Any CPU
		{099CFCFC-63A2-4A1A-AE6C-4E301B0E1CD5}.Debug Cmd|Mixed Platforms.ActiveCfg = Debug|Any CPU
		{099CFCFC-63A2-4A1A-AE6C-4E301B0E1CD5}.Debug Cmd|Mixed Platforms.Build.0 = Debug|Any CPU
		{099CFCFC-63A2-4A1A-AE6C-4E301B0E1CD5}.Debug Cmd|Win32.ActiveCfg = Debug|Any CPU
		{099CFCFC-63A2-4A1A-AE6C-4E301B0E1CD5}.Debug Test|Any CPU.ActiveCfg = Debug|Any CPU
		{099CFCFC-63A2-4A1A-AE6C-4E301B0E1CD5}.Debug Test|Any CPU.Build.0 = Debug|Any CPU
		{099CFCFC-63A2-4A1A-AE6C-4E301B0E1CD5}.Debug Test|Mixed Platforms.ActiveCfg = Debug|Any CPU
		{099CFCFC-63A2-4A1A-AE6C-4E301B0E1CD5}.Debug Test|Mixed Platforms.Build.0 = Debug|Any CPU
		{099CFCFC-63A2-4A1A-AE6C-4E301B0E1CD5}.Debug Test|Win32.ActiveCfg = Debug|Any CPU
		{099CFCFC-63A2-4A1A-AE6C-4E301B0E1CD5}.Debug|Any CPU.ActiveCfg = Debug|Any CPU
		{099CFCFC-63A2-4A1A-AE6C-4E301B0E1CD5}.Debug|Any CPU.Build.0 = Debug|Any CPU
		{099CFCFC-63A2-4A1A-AE6C-4E301B0E1CD5}.Debug|Mixed Platforms.ActiveCfg = Debug|Any CPU
		{099CFCFC-63A2-4A1A-AE6C-4E301B0E1CD5}.Debug|Mixed Platforms.Build.0 = Debug|Any CPU
		{099CFCFC-63A2-4A1A-AE6C-4E301B0E1CD5}.Debug|Win32.ActiveCfg = Debug|Any CPU
		{099CFCFC-63A2-4A1A-AE6C-4E301B0E1CD5}.Release|Any CPU.ActiveCfg = Release|Any CPU
		{099CFCFC-63A2-4A1A-AE6C-4E301B0E1CD5}.Release|Any CPU.Build.0 = Release|Any CPU
		{099CFCFC-63A2-4A1A-AE6C-4E301B0E1CD5}.Release|Mixed Platforms.ActiveCfg = Release|Any CPU
		{099CFCFC-63A2-4A1A-AE6C-4E301B0E1CD5}.Release|Mixed Platforms.Build.0 = Release|Any CPU
		{099CFCFC-63A2-4A1A-AE6C-4E301B0E1CD5}.Release|Win32.ActiveCfg = Release|Any CPU
		{A0539CB6-495E-4412-89A3-00C9CB7448E9}.BuildLang|Any CPU.ActiveCfg = BuildLang|Any CPU
		{A0539CB6-495E-4412-89A3-00C9CB7448E9}.BuildLang|Any CPU.Build.0 = BuildLang|Any CPU
		{A0539CB6-495E-4412-89A3-00C9CB7448E9}.BuildLang|Mixed Platforms.ActiveCfg = BuildLang|Any CPU
		{A0539CB6-495E-4412-89A3-00C9CB7448E9}.BuildLang|Mixed Platforms.Build.0 = BuildLang|Any CPU
		{A0539CB6-495E-4412-89A3-00C9CB7448E9}.BuildLang|Win32.ActiveCfg = BuildLang|Any CPU
		{A0539CB6-495E-4412-89A3-00C9CB7448E9}.Debug Cmd|Any CPU.ActiveCfg = Debug|Any CPU
		{A0539CB6-495E-4412-89A3-00C9CB7448E9}.Debug Cmd|Any CPU.Build.0 = Debug|Any CPU
		{A0539CB6-495E-4412-89A3-00C9CB7448E9}.Debug Cmd|Mixed Platforms.ActiveCfg = Debug|Any CPU
		{A0539CB6-495E-4412-89A3-00C9CB7448E9}.Debug Cmd|Mixed Platforms.Build.0 = Debug|Any CPU
		{A0539CB6-495E-4412-89A3-00C9CB7448E9}.Debug Cmd|Win32.ActiveCfg = Debug|Any CPU
		{A0539CB6-495E-4412-89A3-00C9CB7448E9}.Debug Test|Any CPU.ActiveCfg = Debug|Any CPU
		{A0539CB6-495E-4412-89A3-00C9CB7448E9}.Debug Test|Any CPU.Build.0 = Debug|Any CPU
		{A0539CB6-495E-4412-89A3-00C9CB7448E9}.Debug Test|Mixed Platforms.ActiveCfg = Debug|Any CPU
		{A0539CB6-495E-4412-89A3-00C9CB7448E9}.Debug Test|Mixed Platforms.Build.0 = Debug|Any CPU
		{A0539CB6-495E-4412-89A3-00C9CB7448E9}.Debug Test|Win32.ActiveCfg = Debug|Any CPU
		{A0539CB6-495E-4412-89A3-00C9CB7448E9}.Debug|Any CPU.ActiveCfg = Debug|Any CPU
		{A0539CB6-495E-4412-89A3-00C9CB7448E9}.Debug|Any CPU.Build.0 = Debug|Any CPU
		{A0539CB6-495E-4412-89A3-00C9CB7448E9}.Debug|Mixed Platforms.ActiveCfg = Debug|Any CPU
		{A0539CB6-495E-4412-89A3-00C9CB7448E9}.Debug|Mixed Platforms.Build.0 = Debug|Any CPU
		{A0539CB6-495E-4412-89A3-00C9CB7448E9}.Debug|Win32.ActiveCfg = Debug|Any CPU
		{A0539CB6-495E-4412-89A3-00C9CB7448E9}.Release|Any CPU.ActiveCfg = Release|Any CPU
		{A0539CB6-495E-4412-89A3-00C9CB7448E9}.Release|Any CPU.Build.0 = Release|Any CPU
		{A0539CB6-495E-4412-89A3-00C9CB7448E9}.Release|Mixed Platforms.ActiveCfg = Release|Any CPU
		{A0539CB6-495E-4412-89A3-00C9CB7448E9}.Release|Mixed Platforms.Build.0 = Release|Any CPU
		{A0539CB6-495E-4412-89A3-00C9CB7448E9}.Release|Win32.ActiveCfg = Release|Any CPU
		{FCB4D44C-0DA5-461D-8B82-D82F95D121CA}.BuildLang|Any CPU.ActiveCfg = Release|Any CPU
		{FCB4D44C-0DA5-461D-8B82-D82F95D121CA}.BuildLang|Any CPU.Build.0 = Release|Any CPU
		{FCB4D44C-0DA5-461D-8B82-D82F95D121CA}.BuildLang|Mixed Platforms.ActiveCfg = Release|Any CPU
		{FCB4D44C-0DA5-461D-8B82-D82F95D121CA}.BuildLang|Win32.ActiveCfg = Release|Any CPU
		{FCB4D44C-0DA5-461D-8B82-D82F95D121CA}.Debug Cmd|Any CPU.ActiveCfg = Debug|Any CPU
		{FCB4D44C-0DA5-461D-8B82-D82F95D121CA}.Debug Cmd|Any CPU.Build.0 = Debug|Any CPU
		{FCB4D44C-0DA5-461D-8B82-D82F95D121CA}.Debug Cmd|Mixed Platforms.ActiveCfg = Debug|Any CPU
		{FCB4D44C-0DA5-461D-8B82-D82F95D121CA}.Debug Cmd|Win32.ActiveCfg = Debug|Any CPU
		{FCB4D44C-0DA5-461D-8B82-D82F95D121CA}.Debug Test|Any CPU.ActiveCfg = Debug|Any CPU
		{FCB4D44C-0DA5-461D-8B82-D82F95D121CA}.Debug Test|Any CPU.Build.0 = Debug|Any CPU
		{FCB4D44C-0DA5-461D-8B82-D82F95D121CA}.Debug Test|Mixed Platforms.ActiveCfg = Debug|Any CPU
		{FCB4D44C-0DA5-461D-8B82-D82F95D121CA}.Debug Test|Win32.ActiveCfg = Debug|Any CPU
		{FCB4D44C-0DA5-461D-8B82-D82F95D121CA}.Debug|Any CPU.ActiveCfg = Debug|Any CPU
		{FCB4D44C-0DA5-461D-8B82-D82F95D121CA}.Debug|Any CPU.Build.0 = Debug|Any CPU
		{FCB4D44C-0DA5-461D-8B82-D82F95D121CA}.Debug|Mixed Platforms.ActiveCfg = Debug|Any CPU
		{FCB4D44C-0DA5-461D-8B82-D82F95D121CA}.Debug|Win32.ActiveCfg = Debug|Any CPU
		{FCB4D44C-0DA5-461D-8B82-D82F95D121CA}.Release|Any CPU.ActiveCfg = Release|Any CPU
		{FCB4D44C-0DA5-461D-8B82-D82F95D121CA}.Release|Any CPU.Build.0 = Release|Any CPU
		{FCB4D44C-0DA5-461D-8B82-D82F95D121CA}.Release|Mixed Platforms.ActiveCfg = Release|Any CPU
		{FCB4D44C-0DA5-461D-8B82-D82F95D121CA}.Release|Win32.ActiveCfg = Release|Any CPU
		{A6582518-3B26-47FC-9FAF-5F53AF2EC486}.BuildLang|Any CPU.ActiveCfg = BuildLang|Any CPU
		{A6582518-3B26-47FC-9FAF-5F53AF2EC486}.BuildLang|Any CPU.Build.0 = BuildLang|Any CPU
		{A6582518-3B26-47FC-9FAF-5F53AF2EC486}.BuildLang|Mixed Platforms.ActiveCfg = BuildLang|Any CPU
		{A6582518-3B26-47FC-9FAF-5F53AF2EC486}.BuildLang|Mixed Platforms.Build.0 = BuildLang|Any CPU
		{A6582518-3B26-47FC-9FAF-5F53AF2EC486}.BuildLang|Win32.ActiveCfg = BuildLang|Any CPU
		{A6582518-3B26-47FC-9FAF-5F53AF2EC486}.Debug Cmd|Any CPU.ActiveCfg = Debug|Any CPU
		{A6582518-3B26-47FC-9FAF-5F53AF2EC486}.Debug Cmd|Any CPU.Build.0 = Debug|Any CPU
		{A6582518-3B26-47FC-9FAF-5F53AF2EC486}.Debug Cmd|Mixed Platforms.ActiveCfg = Debug|Any CPU
		{A6582518-3B26-47FC-9FAF-5F53AF2EC486}.Debug Cmd|Mixed Platforms.Build.0 = Debug|Any CPU
		{A6582518-3B26-47FC-9FAF-5F53AF2EC486}.Debug Cmd|Win32.ActiveCfg = Debug|Any CPU
		{A6582518-3B26-47FC-9FAF-5F53AF2EC486}.Debug Test|Any CPU.ActiveCfg = Debug|Any CPU
		{A6582518-3B26-47FC-9FAF-5F53AF2EC486}.Debug Test|Any CPU.Build.0 = Debug|Any CPU
		{A6582518-3B26-47FC-9FAF-5F53AF2EC486}.Debug Test|Mixed Platforms.ActiveCfg = Debug|Any CPU
		{A6582518-3B26-47FC-9FAF-5F53AF2EC486}.Debug Test|Mixed Platforms.Build.0 = Debug|Any CPU
		{A6582518-3B26-47FC-9FAF-5F53AF2EC486}.Debug Test|Win32.ActiveCfg = Debug|Any CPU
		{A6582518-3B26-47FC-9FAF-5F53AF2EC486}.Debug|Any CPU.ActiveCfg = Debug|Any CPU
		{A6582518-3B26-47FC-9FAF-5F53AF2EC486}.Debug|Any CPU.Build.0 = Debug|Any CPU
		{A6582518-3B26-47FC-9FAF-5F53AF2EC486}.Debug|Mixed Platforms.ActiveCfg = Debug|Any CPU
		{A6582518-3B26-47FC-9FAF-5F53AF2EC486}.Debug|Mixed Platforms.Build.0 = Debug|Any CPU
		{A6582518-3B26-47FC-9FAF-5F53AF2EC486}.Debug|Win32.ActiveCfg = Debug|Any CPU
		{A6582518-3B26-47FC-9FAF-5F53AF2EC486}.Release|Any CPU.ActiveCfg = Release|Any CPU
		{A6582518-3B26-47FC-9FAF-5F53AF2EC486}.Release|Any CPU.Build.0 = Release|Any CPU
		{A6582518-3B26-47FC-9FAF-5F53AF2EC486}.Release|Mixed Platforms.ActiveCfg = Release|Any CPU
		{A6582518-3B26-47FC-9FAF-5F53AF2EC486}.Release|Mixed Platforms.Build.0 = Release|Any CPU
		{A6582518-3B26-47FC-9FAF-5F53AF2EC486}.Release|Win32.ActiveCfg = Release|Any CPU
		{FF32D551-801D-4D14-AABB-F3FF50B94A87}.BuildLang|Any CPU.ActiveCfg = BuildLang|Any CPU
		{FF32D551-801D-4D14-AABB-F3FF50B94A87}.BuildLang|Any CPU.Build.0 = BuildLang|Any CPU
		{FF32D551-801D-4D14-AABB-F3FF50B94A87}.BuildLang|Mixed Platforms.ActiveCfg = BuildLang|Any CPU
		{FF32D551-801D-4D14-AABB-F3FF50B94A87}.BuildLang|Mixed Platforms.Build.0 = BuildLang|Any CPU
		{FF32D551-801D-4D14-AABB-F3FF50B94A87}.BuildLang|Win32.ActiveCfg = BuildLang|Any CPU
		{FF32D551-801D-4D14-AABB-F3FF50B94A87}.Debug Cmd|Any CPU.ActiveCfg = Debug|Any CPU
		{FF32D551-801D-4D14-AABB-F3FF50B94A87}.Debug Cmd|Any CPU.Build.0 = Debug|Any CPU
		{FF32D551-801D-4D14-AABB-F3FF50B94A87}.Debug Cmd|Mixed Platforms.ActiveCfg = Debug|Any CPU
		{FF32D551-801D-4D14-AABB-F3FF50B94A87}.Debug Cmd|Mixed Platforms.Build.0 = Debug|Any CPU
		{FF32D551-801D-4D14-AABB-F3FF50B94A87}.Debug Cmd|Win32.ActiveCfg = Debug|Any CPU
		{FF32D551-801D-4D14-AABB-F3FF50B94A87}.Debug Test|Any CPU.ActiveCfg = Debug|Any CPU
		{FF32D551-801D-4D14-AABB-F3FF50B94A87}.Debug Test|Any CPU.Build.0 = Debug|Any CPU
		{FF32D551-801D-4D14-AABB-F3FF50B94A87}.Debug Test|Mixed Platforms.ActiveCfg = Debug|Any CPU
		{FF32D551-801D-4D14-AABB-F3FF50B94A87}.Debug Test|Mixed Platforms.Build.0 = Debug|Any CPU
		{FF32D551-801D-4D14-AABB-F3FF50B94A87}.Debug Test|Win32.ActiveCfg = Debug|Any CPU
		{FF32D551-801D-4D14-AABB-F3FF50B94A87}.Debug|Any CPU.ActiveCfg = Debug|Any CPU
		{FF32D551-801D-4D14-AABB-F3FF50B94A87}.Debug|Any CPU.Build.0 = Debug|Any CPU
		{FF32D551-801D-4D14-AABB-F3FF50B94A87}.Debug|Mixed Platforms.ActiveCfg = Debug|Any CPU
		{FF32D551-801D-4D14-AABB-F3FF50B94A87}.Debug|Mixed Platforms.Build.0 = Debug|Any CPU
		{FF32D551-801D-4D14-AABB-F3FF50B94A87}.Debug|Win32.ActiveCfg = Debug|Any CPU
		{FF32D551-801D-4D14-AABB-F3FF50B94A87}.Release|Any CPU.ActiveCfg = Release|Any CPU
		{FF32D551-801D-4D14-AABB-F3FF50B94A87}.Release|Any CPU.Build.0 = Release|Any CPU
		{FF32D551-801D-4D14-AABB-F3FF50B94A87}.Release|Mixed Platforms.ActiveCfg = Release|Any CPU
		{FF32D551-801D-4D14-AABB-F3FF50B94A87}.Release|Mixed Platforms.Build.0 = Release|Any CPU
		{FF32D551-801D-4D14-AABB-F3FF50B94A87}.Release|Win32.ActiveCfg = Release|Any CPU
	EndGlobalSection
	GlobalSection(SolutionProperties) = preSolution
		HideSolutionNode = FALSE
	EndGlobalSection
EndGlobal
